<?xml version="1.0" encoding="utf-8"?>
<Project ToolsVersion="4.0" xmlns="http://schemas.microsoft.com/developer/msbuild/2003">
  <ItemGroup>
    <Filter Include="Source Files">
      <UniqueIdentifier>{4FC737F1-C7A5-4376-A066-2A32D752A2FF}</UniqueIdentifier>
      <Extensions>cpp;c;cc;cxx;def;odl;idl;hpj;bat;asm;asmx</Extensions>
    </Filter>
    <Filter Include="Header Files">
      <UniqueIdentifier>{93995380-89BD-4b04-88EB-625FBE52EBFB}</UniqueIdentifier>
      <Extensions>h;hpp;hxx;hm;inl;inc;xsd</Extensions>
    </Filter>
    <Filter Include="Resource Files">
      <UniqueIdentifier>{67DA6AB6-F800-4c08-8B7A-83BB121AAD01}</UniqueIdentifier>
      <Extensions>rc;ico;cur;bmp;dlg;rc2;rct;bin;rgs;gif;jpg;jpeg;jpe;resx;tiff;tif;png;wav;mfcribbon-ms</Extensions>
    </Filter>
    <Filter Include="SPAFiles">
      <UniqueIdentifier>{2bf06fc3-12a8-4e8f-9e95-7f13ef39cd06}</UniqueIdentifier>
    </Filter>
  </ItemGroup>
  <ItemGroup>
    <None Include="ReadMe.txt" />
    <None Include="app.ico">
      <Filter>Resource Files</Filter>
    </None>
  </ItemGroup>
  <ItemGroup>
    <ClCompile Include="SPAUserInterface.cpp">
      <Filter>Source Files</Filter>
    </ClCompile>
    <ClCompile Include="AssemblyInfo.cpp">
      <Filter>Source Files</Filter>
    </ClCompile>
    <ClCompile Include="stdafx.cpp">
      <Filter>Source Files</Filter>
    </ClCompile>
    <ClCompile Include="..\SPA\AST.cpp">
      <Filter>SPAFiles</Filter>
    </ClCompile>
    <ClCompile Include="..\SPA\Follows.cpp">
      <Filter>SPAFiles</Filter>
    </ClCompile>
    <ClCompile Include="..\SPA\FrontEndController.cpp">
      <Filter>SPAFiles</Filter>
    </ClCompile>
    <ClCompile Include="..\SPA\GrammarTable.cpp">
      <Filter>SPAFiles</Filter>
    </ClCompile>
    <ClCompile Include="..\SPA\Modifies.cpp">
      <Filter>SPAFiles</Filter>
    </ClCompile>
    <ClCompile Include="..\SPA\Parent.cpp">
      <Filter>SPAFiles</Filter>
    </ClCompile>
    <ClCompile Include="..\SPA\Parser.cpp">
      <Filter>SPAFiles</Filter>
    </ClCompile>
    <ClCompile Include="..\SPA\Pattern.cpp">
      <Filter>SPAFiles</Filter>
    </ClCompile>
    <ClCompile Include="..\SPA\PKB.cpp">
      <Filter>SPAFiles</Filter>
    </ClCompile>
    <ClCompile Include="..\SPA\PQLController.cpp">
      <Filter>SPAFiles</Filter>
    </ClCompile>
    <ClCompile Include="..\SPA\Procedure.cpp">
      <Filter>SPAFiles</Filter>
    </ClCompile>
    <ClCompile Include="..\SPA\ProcTable.cpp">
      <Filter>SPAFiles</Filter>
    </ClCompile>
    <ClCompile Include="..\SPA\QTREE.cpp">
      <Filter>SPAFiles</Filter>
    </ClCompile>
    <ClCompile Include="..\SPA\QueryEvaluator.cpp">
      <Filter>SPAFiles</Filter>
    </ClCompile>
    <ClCompile Include="..\SPA\QueryFormatter.cpp">
      <Filter>SPAFiles</Filter>
    </ClCompile>
    <ClCompile Include="..\SPA\QueryPreprocessor.cpp">
      <Filter>SPAFiles</Filter>
    </ClCompile>
    <ClCompile Include="..\SPA\SPAController.cpp">
      <Filter>SPAFiles</Filter>
    </ClCompile>
    <ClCompile Include="..\SPA\SuchThat.cpp">
      <Filter>SPAFiles</Filter>
    </ClCompile>
    <ClCompile Include="..\SPA\Uses.cpp">
      <Filter>SPAFiles</Filter>
    </ClCompile>
    <ClCompile Include="..\SPA\VarTable.cpp">
      <Filter>SPAFiles</Filter>
    </ClCompile>
  </ItemGroup>
  <ItemGroup>
    <ClInclude Include="Form1.h">
      <Filter>Header Files</Filter>
    </ClInclude>
    <ClInclude Include="stdafx.h">
      <Filter>Header Files</Filter>
    </ClInclude>
    <ClInclude Include="resource.h">
      <Filter>Header Files</Filter>
    </ClInclude>
    <ClInclude Include="..\SPA\AST.h">
      <Filter>SPAFiles</Filter>
    </ClInclude>
    <ClInclude Include="..\SPA\Follows.h">
      <Filter>SPAFiles</Filter>
    </ClInclude>
    <ClInclude Include="..\SPA\FrontEndController.h">
      <Filter>SPAFiles</Filter>
    </ClInclude>
    <ClInclude Include="..\SPA\Global_Data_Abstraction.h">
      <Filter>SPAFiles</Filter>
    </ClInclude>
    <ClInclude Include="..\SPA\GrammarTable.h">
      <Filter>SPAFiles</Filter>
    </ClInclude>
    <ClInclude Include="..\SPA\Modifies.h">
      <Filter>SPAFiles</Filter>
    </ClInclude>
    <ClInclude Include="..\SPA\Parent.h">
      <Filter>SPAFiles</Filter>
    </ClInclude>
    <ClInclude Include="..\SPA\Parser.h">
      <Filter>SPAFiles</Filter>
    </ClInclude>
    <ClInclude Include="..\SPA\Pattern.h">
      <Filter>SPAFiles</Filter>
    </ClInclude>
    <ClInclude Include="..\SPA\PKB.h">
      <Filter>SPAFiles</Filter>
    </ClInclude>
    <ClInclude Include="..\SPA\PQLController.h">
      <Filter>SPAFiles</Filter>
    </ClInclude>
    <ClInclude Include="..\SPA\Procedure.h">
      <Filter>SPAFiles</Filter>
    </ClInclude>
    <ClInclude Include="..\SPA\ProcTable.h">
      <Filter>SPAFiles</Filter>
    </ClInclude>
    <ClInclude Include="..\SPA\QTREE.h">
      <Filter>SPAFiles</Filter>
    </ClInclude>
    <ClInclude Include="..\SPA\QueryEvaluator.h">
      <Filter>SPAFiles</Filter>
    </ClInclude>
    <ClInclude Include="..\SPA\QueryFormatter.h">
      <Filter>SPAFiles</Filter>
    </ClInclude>
    <ClInclude Include="..\SPA\QueryPreprocessor.h">
      <Filter>SPAFiles</Filter>
    </ClInclude>
    <ClInclude Include="..\SPA\SPAController.h">
      <Filter>SPAFiles</Filter>
    </ClInclude>
    <ClInclude Include="..\SPA\SuchThat.h">
      <Filter>SPAFiles</Filter>
    </ClInclude>
    <ClInclude Include="..\SPA\Uses.h">
      <Filter>SPAFiles</Filter>
    </ClInclude>
    <ClInclude Include="..\SPA\VarTable.h">
      <Filter>SPAFiles</Filter>
    </ClInclude>
  </ItemGroup>
  <ItemGroup>
    <ResourceCompile Include="app.rc">
      <Filter>Resource Files</Filter>
    </ResourceCompile>
  </ItemGroup>
  <ItemGroup>
    <EmbeddedResource Include="Form1.resX">
      <Filter>Resource Files</Filter>
    </EmbeddedResource>
  </ItemGroup>
</Project>