<?xml version="1.0" encoding="utf-8"?>
<Project ToolsVersion="4.0" xmlns="http://schemas.microsoft.com/developer/msbuild/2003">
  <ItemGroup>
    <Filter Include="Source Files">
      <UniqueIdentifier>{4FC737F1-C7A5-4376-A066-2A32D752A2FF}</UniqueIdentifier>
      <Extensions>cpp;c;cc;cxx;def;odl;idl;hpj;bat;asm;asmx</Extensions>
    </Filter>
    <Filter Include="Header Files">
      <UniqueIdentifier>{93995380-89BD-4b04-88EB-625FBE52EBFB}</UniqueIdentifier>
      <Extensions>h;hpp;hxx;hm;inl;inc;xsd</Extensions>
    </Filter>
    <Filter Include="Resource Files">
      <UniqueIdentifier>{67DA6AB6-F800-4c08-8B7A-83BB121AAD01}</UniqueIdentifier>
      <Extensions>rc;ico;cur;bmp;dlg;rc2;rct;bin;rgs;gif;jpg;jpeg;jpe;resx;tiff;tif;png;wav;mfcribbon-ms</Extensions>
    </Filter>
    <Filter Include="Header Files\PKB">
      <UniqueIdentifier>{b101d6c5-077c-458d-bad6-0ed058058a5e}</UniqueIdentifier>
    </Filter>
    <Filter Include="Source Files\PKB">
      <UniqueIdentifier>{a9cc1694-649a-42b5-8396-eb108ce6d8c3}</UniqueIdentifier>
    </Filter>
    <Filter Include="Header Files\FrontEnd">
      <UniqueIdentifier>{6cdf3f2a-df21-421c-bca3-da6ac9bbdbf4}</UniqueIdentifier>
    </Filter>
    <Filter Include="Source Files\FrontEnd">
      <UniqueIdentifier>{11647995-83ba-4cb9-8be1-4041048c2fad}</UniqueIdentifier>
    </Filter>
    <Filter Include="Header Files\Controllers">
      <UniqueIdentifier>{c253a5ee-8697-4b10-94eb-e4d0349f7ae6}</UniqueIdentifier>
    </Filter>
    <Filter Include="Source Files\Controllers">
      <UniqueIdentifier>{56517022-39f2-4c38-8021-7edf37472d89}</UniqueIdentifier>
    </Filter>
    <Filter Include="Header Files\PQL">
      <UniqueIdentifier>{6e1ef29e-f7d3-42d6-b8f9-f0ac7a50cf23}</UniqueIdentifier>
    </Filter>
    <Filter Include="Source Files\PQL">
      <UniqueIdentifier>{cb38037a-6d17-47ad-8b4a-51450c42aedb}</UniqueIdentifier>
    </Filter>
    <Filter Include="Source Files\GUI">
      <UniqueIdentifier>{9b417eba-0977-4de2-9bf6-c54cdf5aba71}</UniqueIdentifier>
    </Filter>
  </ItemGroup>
  <ItemGroup>
    <None Include="..\..\Team01SPA\SPA\SPA.vcxproj.filters" />
  </ItemGroup>
  <ItemGroup>
    <ClCompile Include="Follows.cpp">
      <Filter>Source Files\PKB</Filter>
    </ClCompile>
    <ClCompile Include="AST.cpp">
      <Filter>Source Files\PKB</Filter>
    </ClCompile>
    <ClCompile Include="Procedure.cpp">
      <Filter>Source Files\PKB</Filter>
    </ClCompile>
    <ClCompile Include="ProcTable.cpp">
      <Filter>Source Files\PKB</Filter>
    </ClCompile>
    <ClCompile Include="VarTable.cpp">
      <Filter>Source Files\PKB</Filter>
    </ClCompile>
    <ClCompile Include="PKB.cpp">
      <Filter>Source Files\PKB</Filter>
    </ClCompile>
    <ClCompile Include="Modifies.cpp">
      <Filter>Source Files\PKB</Filter>
    </ClCompile>
    <ClCompile Include="Parent.cpp">
      <Filter>Source Files\PKB</Filter>
    </ClCompile>
    <ClCompile Include="Uses.cpp">
      <Filter>Source Files\PKB</Filter>
    </ClCompile>
    <ClCompile Include="Parser.cpp">
      <Filter>Source Files\FrontEnd</Filter>
    </ClCompile>
    <ClCompile Include="QTREE.cpp">
      <Filter>Source Files\PQL</Filter>
    </ClCompile>
    <ClCompile Include="QueryPreprocessor.cpp">
      <Filter>Source Files\PQL</Filter>
    </ClCompile>
    <ClCompile Include="SPAController.cpp">
      <Filter>Source Files\Controllers</Filter>
    </ClCompile>
    <ClCompile Include="FrontEndController.cpp">
      <Filter>Source Files\Controllers</Filter>
    </ClCompile>
    <ClCompile Include="PQLController.cpp">
      <Filter>Source Files\Controllers</Filter>
    </ClCompile>
    <ClCompile Include="Pattern.cpp">
      <Filter>Source Files\PQL</Filter>
    </ClCompile>
    <ClCompile Include="SuchThat.cpp">
      <Filter>Source Files\PQL</Filter>
    </ClCompile>
    <ClCompile Include="QueryFormatter.cpp">
      <Filter>Source Files\PQL</Filter>
    </ClCompile>
    <ClCompile Include="GrammarTable.cpp">
      <Filter>Source Files\PQL</Filter>
    </ClCompile>
    <ClCompile Include="PatternTree.cpp">
      <Filter>Source Files\PQL</Filter>
    </ClCompile>
    <ClCompile Include="DesignExtractor.cpp">
      <Filter>Source Files</Filter>
    </ClCompile>
    <ClCompile Include="CallTable.cpp">
      <Filter>Source Files\PKB</Filter>
    </ClCompile>
    <ClCompile Include="ConstantTable.cpp">
      <Filter>Source Files\PKB</Filter>
    </ClCompile>
    <ClCompile Include="QueryEvaluator.cpp">
      <Filter>Source Files\PQL</Filter>
    </ClCompile>
    <ClCompile Include="IntermediateResultTable.cpp">
      <Filter>Source Files\PQL</Filter>
    </ClCompile>
    <ClCompile Include="SuchThatClause.cpp">
      <Filter>Source Files\PQL</Filter>
    </ClCompile>
    <ClCompile Include="WithClause.cpp">
      <Filter>Source Files\PQL</Filter>
    </ClCompile>
    <ClCompile Include="CFG.cpp">
      <Filter>Source Files\PKB</Filter>
    </ClCompile>
    <ClCompile Include="LinkedDataTable.cpp">
      <Filter>Source Files\PQL</Filter>
    </ClCompile>
    <ClCompile Include="AssignTable.cpp">
      <Filter>Source Files\PKB</Filter>
    </ClCompile>
    <ClCompile Include="IfTable.cpp">
      <Filter>Source Files\PKB</Filter>
    </ClCompile>
    <ClCompile Include="WhileTable.cpp">
      <Filter>Source Files\PKB</Filter>
    </ClCompile>
  </ItemGroup>
  <ItemGroup>
    <ClInclude Include="Follows.h">
      <Filter>Header Files\PKB</Filter>
    </ClInclude>
    <ClInclude Include="Parent.h">
      <Filter>Header Files\PKB</Filter>
    </ClInclude>
    <ClInclude Include="Global_Data_Abstraction.h">
      <Filter>Header Files</Filter>
    </ClInclude>
    <ClInclude Include="Modifies.h">
      <Filter>Header Files\PKB</Filter>
    </ClInclude>
    <ClInclude Include="Uses.h">
      <Filter>Header Files\PKB</Filter>
    </ClInclude>
    <ClInclude Include="PKB.h">
      <Filter>Header Files\PKB</Filter>
    </ClInclude>
    <ClInclude Include="Procedure.h">
      <Filter>Header Files\PKB</Filter>
    </ClInclude>
    <ClInclude Include="VarTable.h">
      <Filter>Header Files\PKB</Filter>
    </ClInclude>
    <ClInclude Include="ProcTable.h">
      <Filter>Header Files\PKB</Filter>
    </ClInclude>
    <ClInclude Include="Parser.h">
      <Filter>Header Files\FrontEnd</Filter>
    </ClInclude>
    <ClInclude Include="QTREE.h">
      <Filter>Header Files\PQL</Filter>
    </ClInclude>
    <ClInclude Include="QueryPreprocessor.h">
      <Filter>Header Files\PQL</Filter>
    </ClInclude>
    <ClInclude Include="SPAController.h">
      <Filter>Header Files\Controllers</Filter>
    </ClInclude>
    <ClInclude Include="FrontEndController.h">
      <Filter>Header Files\Controllers</Filter>
    </ClInclude>
    <ClInclude Include="PQLController.h">
      <Filter>Header Files\Controllers</Filter>
    </ClInclude>
    <ClInclude Include="Pattern.h">
      <Filter>Header Files\PQL</Filter>
    </ClInclude>
    <ClInclude Include="SuchThat.h">
      <Filter>Header Files\PQL</Filter>
    </ClInclude>
    <ClInclude Include="QueryFormatter.h">
      <Filter>Header Files\PQL</Filter>
    </ClInclude>
    <ClInclude Include="AST.h">
      <Filter>Header Files\PKB</Filter>
    </ClInclude>
    <ClInclude Include="GrammarTable.h">
      <Filter>Header Files\PQL</Filter>
    </ClInclude>
    <ClInclude Include="PatternTree.h">
      <Filter>Header Files\PQL</Filter>
    </ClInclude>
    <ClInclude Include="CallTable.h">
      <Filter>Header Files\PKB</Filter>
    </ClInclude>
    <ClInclude Include="ConstantTable.h">
      <Filter>Header Files\PKB</Filter>
    </ClInclude>
    <ClInclude Include="DesignExtractor.h">
      <Filter>Header Files</Filter>
    </ClInclude>
    <ClInclude Include="QueryEvaluator.h">
      <Filter>Header Files\PQL</Filter>
    </ClInclude>
    <ClInclude Include="IntermediateResultTable.h">
      <Filter>Header Files\PQL</Filter>
    </ClInclude>
    <ClInclude Include="SuchThatClause.h">
      <Filter>Header Files\PQL</Filter>
    </ClInclude>
    <ClInclude Include="WithClause.h">
      <Filter>Header Files\PQL</Filter>
    </ClInclude>
    <ClInclude Include="CFG.h">
      <Filter>Header Files\PKB</Filter>
    </ClInclude>
    <ClInclude Include="LinkedDataTable.h">
      <Filter>Header Files\PQL</Filter>
    </ClInclude>
    <ClInclude Include="AssignTable.h">
      <Filter>Header Files\PKB</Filter>
    </ClInclude>
    <ClInclude Include="IfTable.h">
      <Filter>Header Files\PKB</Filter>
    </ClInclude>
    <ClInclude Include="WhileTable.h">
      <Filter>Header Files\PKB</Filter>
    </ClInclude>
  </ItemGroup>
</Project>